
Microsoft Visual Studio Solution File, Format Version 12.00
# Visual Studio Version 16
VisualStudioVersion = 16.0.29728.190
MinimumVisualStudioVersion = 10.0.40219.1
Project("{8BC9CEB8-8B4A-11D0-8D11-00A0C91BC942}") = "Ch4_Programming", "Ch4_Programming\Ch4_Programming.vcxproj", "{7F32774B-1FBA-487E-8B1E-562C318AEDD6}"
EndProject
Global
	GlobalSection(SolutionConfigurationPlatforms) = preSolution
		Debug|x64 = Debug|x64
		Debug|x86 = Debug|x86
		Release|x64 = Release|x64
		Release|x86 = Release|x86
	EndGlobalSection
	GlobalSection(ProjectConfigurationPlatforms) = postSolution
		{7F32774B-1FBA-487E-8B1E-562C318AEDD6}.Debug|x64.ActiveCfg = Debug|x64
		{7F32774B-1FBA-487E-8B1E-562C318AEDD6}.Debug|x64.Build.0 = Debug|x64
		{7F32774B-1FBA-487E-8B1E-562C318AEDD6}.Debug|x86.ActiveCfg = Debug|Win32
		{7F32774B-1FBA-487E-8B1E-562C318AEDD6}.Debug|x86.Build.0 = Debug|Win32
		{7F32774B-1FBA-487E-8B1E-562C318AEDD6}.Release|x64.ActiveCfg = Release|x64
		{7F32774B-1FBA-487E-8B1E-562C318AEDD6}.Release|x64.Build.0 = Release|x64
		{7F32774B-1FBA-487E-8B1E-562C318AEDD6}.Release|x86.ActiveCfg = Release|Win32
		{7F32774B-1FBA-487E-8B1E-562C318AEDD6}.Release|x86.Build.0 = Release|Win32
	EndGlobalSection
	GlobalSection(SolutionProperties) = preSolution
		HideSolutionNode = FALSE
	EndGlobalSection
	GlobalSection(ExtensibilityGlobals) = postSolution
		SolutionGuid = {25EAD331-71A4-4FDE-B4CA-BE07DBB1B1D8}
	EndGlobalSection
EndGlobal
